// !$*UTF8*$!
{
	archiveVersion = 1;
	classes = {
	};
	objectVersion = 50;
	objects = {

/* Begin PBXBuildFile section */
		F4BC0EDE2080D88B00146463 /* AppDelegate.swift in Sources */ = {isa = PBXBuildFile; fileRef = F4BC0EDD2080D88B00146463 /* AppDelegate.swift */; };
		F4BC0EE02080D88B00146463 /* ViewController.swift in Sources */ = {isa = PBXBuildFile; fileRef = F4BC0EDF2080D88B00146463 /* ViewController.swift */; };
		F4BC0EE32080D88B00146463 /* Main.storyboard in Resources */ = {isa = PBXBuildFile; fileRef = F4BC0EE12080D88B00146463 /* Main.storyboard */; };
		F4BC0EE62080D88B00146463 /* CoreDataSwift.xcdatamodeld in Sources */ = {isa = PBXBuildFile; fileRef = F4BC0EE42080D88B00146463 /* CoreDataSwift.xcdatamodeld */; };
		F4BC0EE82080D89900146463 /* Assets.xcassets in Resources */ = {isa = PBXBuildFile; fileRef = F4BC0EE72080D89900146463 /* Assets.xcassets */; };
		F4BC0EEB2080D89900146463 /* LaunchScreen.storyboard in Resources */ = {isa = PBXBuildFile; fileRef = F4BC0EE92080D89900146463 /* LaunchScreen.storyboard */; };
		F4BC0EF32080E5C900146463 /* DetailsViewController.swift in Sources */ = {isa = PBXBuildFile; fileRef = F4BC0EF22080E5C900146463 /* DetailsViewController.swift */; };
/* End PBXBuildFile section */

/* Begin PBXFileReference section */
		F4BC0EDA2080D88B00146463 /* CoreDataSwift.app */ = {isa = PBXFileReference; explicitFileType = wrapper.application; includeInIndex = 0; path = CoreDataSwift.app; sourceTree = BUILT_PRODUCTS_DIR; };
		F4BC0EDD2080D88B00146463 /* AppDelegate.swift */ = {isa = PBXFileReference; lastKnownFileType = sourcecode.swift; path = AppDelegate.swift; sourceTree = "<group>"; };
		F4BC0EDF2080D88B00146463 /* ViewController.swift */ = {isa = PBXFileReference; lastKnownFileType = sourcecode.swift; path = ViewController.swift; sourceTree = "<group>"; };
		F4BC0EE22080D88B00146463 /* Base */ = {isa = PBXFileReference; lastKnownFileType = file.storyboard; name = Base; path = Base.lproj/Main.storyboard; sourceTree = "<group>"; };
		F4BC0EE52080D88B00146463 /* CoreDataSwift.xcdatamodel */ = {isa = PBXFileReference; lastKnownFileType = wrapper.xcdatamodel; path = CoreDataSwift.xcdatamodel; sourceTree = "<group>"; };
		F4BC0EE72080D89900146463 /* Assets.xcassets */ = {isa = PBXFileReference; lastKnownFileType = folder.assetcatalog; path = Assets.xcassets; sourceTree = "<group>"; };
		F4BC0EEA2080D89900146463 /* Base */ = {isa = PBXFileReference; lastKnownFileType = file.storyboard; name = Base; path = Base.lproj/LaunchScreen.storyboard; sourceTree = "<group>"; };
		F4BC0EEC2080D89900146463 /* Info.plist */ = {isa = PBXFileReference; lastKnownFileType = text.plist.xml; path = Info.plist; sourceTree = "<group>"; };
		F4BC0EF22080E5C900146463 /* DetailsViewController.swift */ = {isa = PBXFileReference; lastKnownFileType = sourcecode.swift; path = DetailsViewController.swift; sourceTree = "<group>"; };
/* End PBXFileReference section */

/* Begin PBXFrameworksBuildPhase section */
		F4BC0ED72080D88B00146463 /* Frameworks */ = {
			isa = PBXFrameworksBuildPhase;
			buildActionMask = 2147483647;
			files = (
			);
			runOnlyForDeploymentPostprocessing = 0;
		};
/* End PBXFrameworksBuildPhase section */

/* Begin PBXGroup section */
		F4BC0ED12080D88B00146463 = {
			isa = PBXGroup;
			children = (
				F4BC0EDC2080D88B00146463 /* CoreDataSwift */,
				F4BC0EDB2080D88B00146463 /* Products */,
			);
			sourceTree = "<group>";
		};
		F4BC0EDB2080D88B00146463 /* Products */ = {
			isa = PBXGroup;
			children = (
				F4BC0EDA2080D88B00146463 /* CoreDataSwift.app */,
			);
			name = Products;
			sourceTree = "<group>";
		};
		F4BC0EDC2080D88B00146463 /* CoreDataSwift */ = {
			isa = PBXGroup;
			children = (
				F4BC0EDD2080D88B00146463 /* AppDelegate.swift */,
				F4BC0EDF2080D88B00146463 /* ViewController.swift */,
				F4BC0EF22080E5C900146463 /* DetailsViewController.swift */,
				F4BC0EE12080D88B00146463 /* Main.storyboard */,
				F4BC0EE72080D89900146463 /* Assets.xcassets */,
				F4BC0EE92080D89900146463 /* LaunchScreen.storyboard */,
				F4BC0EEC2080D89900146463 /* Info.plist */,
				F4BC0EE42080D88B00146463 /* CoreDataSwift.xcdatamodeld */,
			);
			path = CoreDataSwift;
			sourceTree = "<group>";
		};
/* End PBXGroup section */

/* Begin PBXNativeTarget section */
		F4BC0ED92080D88B00146463 /* CoreDataSwift */ = {
			isa = PBXNativeTarget;
			buildConfigurationList = F4BC0EEF2080D89900146463 /* Build configuration list for PBXNativeTarget "CoreDataSwift" */;
			buildPhases = (
				F4BC0ED62080D88B00146463 /* Sources */,
				F4BC0ED72080D88B00146463 /* Frameworks */,
				F4BC0ED82080D88B00146463 /* Resources */,
			);
			buildRules = (
			);
			dependencies = (
			);
			name = CoreDataSwift;
			productName = CoreDataSwift;
			productReference = F4BC0EDA2080D88B00146463 /* CoreDataSwift.app */;
			productType = "com.apple.product-type.application";
		};
/* End PBXNativeTarget section */

/* Begin PBXProject section */
		F4BC0ED22080D88B00146463 /* Project object */ = {
			isa = PBXProject;
			attributes = {
				LastSwiftUpdateCheck = 0940;
				LastUpgradeCheck = 0940;
				ORGANIZATIONNAME = "Dnyaneshwar Shinde";
				TargetAttributes = {
					F4BC0ED92080D88B00146463 = {
						CreatedOnToolsVersion = 9.4;
					};
				};
			};
			buildConfigurationList = F4BC0ED52080D88B00146463 /* Build configuration list for PBXProject "CoreDataSwift" */;
			compatibilityVersion = "Xcode 9.3";
			developmentRegion = en;
			hasScannedForEncodings = 0;
			knownRegions = (
				en,
				Base,
			);
			mainGroup = F4BC0ED12080D88B00146463;
			productRefGroup = F4BC0EDB2080D88B00146463 /* Products */;
			projectDirPath = "";
			projectRoot = "";
			targets = (
				F4BC0ED92080D88B00146463 /* CoreDataSwift */,
			);
		};
/* End PBXProject section */

/* Begin PBXResourcesBuildPhase section */
		F4BC0ED82080D88B00146463 /* Resources */ = {
			isa = PBXResourcesBuildPhase;
			buildActionMask = 2147483647;
			files = (
				F4BC0EEB2080D89900146463 /* LaunchScreen.storyboard in Resources */,
				F4BC0EE82080D89900146463 /* Assets.xcassets in Resources */,
				F4BC0EE32080D88B00146463 /* Main.storyboard in Resources */,
			);
			runOnlyForDeploymentPostprocessing = 0;
		};
/* End PBXResourcesBuildPhase section */

/* Begin PBXSourcesBuildPhase section */
		F4BC0ED62080D88B00146463 /* Sources */ = {
			isa = PBXSourcesBuildPhase;
			buildActionMask = 2147483647;
			files = (
				F4BC0EE02080D88B00146463 /* ViewController.swift in Sources */,
				F4BC0EDE2080D88B00146463 /* AppDelegate.swift in Sources */,
				F4BC0EE62080D88B00146463 /* CoreDataSwift.xcdatamodeld in Sources */,
				F4BC0EF32080E5C900146463 /* DetailsViewController.swift in Sources */,
			);
			runOnlyForDeploymentPostprocessing = 0;
		};
/* End PBXSourcesBuildPhase section */

/* Begin PBXVariantGroup section */
		F4BC0EE12080D88B00146463 /* Main.storyboard */ = {
			isa = PBXVariantGroup;
			children = (
				F4BC0EE22080D88B00146463 /* Base */,
			);
			name = Main.storyboard;
			sourceTree = "<group>";
		};
		F4BC0EE92080D89900146463 /* LaunchScreen.storyboard */ = {
			isa = PBXVariantGroup;
			children = (
				F4BC0EEA2080D89900146463 /* Base */,
			);
			name = LaunchScreen.storyboard;
			sourceTree = "<group>";
		};
/* End PBXVariantGroup section */

/* Begin XCBuildConfiguration section */
		F4BC0EED2080D89900146463 /* Debug */ = {
			isa = XCBuildConfiguration;
			buildSettings = {
				ALWAYS_SEARCH_USER_PATHS = NO;
				CLANG_ANALYZER_NONNULL = YES;
				CLANG_ANALYZER_NUMBER_OBJECT_CONVERSION = YES_AGGRESSIVE;
				CLANG_CXX_LANGUAGE_STANDARD = "gnu++14";
				CLANG_CXX_LIBRARY = "libc++";
				CLANG_ENABLE_MODULES = YES;
				CLANG_ENABLE_OBJC_ARC = YES;
				CLANG_ENABLE_OBJC_WEAK = YES;
				CLANG_WARN_BLOCK_CAPTURE_AUTORELEASING = YES;
				CLANG_WARN_BOOL_CONVERSION = YES;
				CLANG_WARN_COMMA = YES;
				CLANG_WARN_CONSTANT_CONVERSION = YES;
				CLANG_WARN_DEPRECATED_OBJC_IMPLEMENTATIONS = YES;
				CLANG_WARN_DIRECT_OBJC_ISA_USAGE = YES_ERROR;
				CLANG_WARN_DOCUMENTATION_COMMENTS = YES;
				CLANG_WARN_EMPTY_BODY = YES;
				CLANG_WARN_ENUM_CONVERSION = YES;
				CLANG_WARN_INFINITE_RECURSION = YES;
				CLANG_WARN_INT_CONVERSION = YES;
				CLANG_WARN_NON_LITERAL_NULL_CONVERSION = YES;
				CLANG_WARN_OBJC_IMPLICIT_RETAIN_SELF = YES;
				CLANG_WARN_OBJC_LITERAL_CONVERSION = YES;
				CLANG_WARN_OBJC_ROOT_CLASS = YES_ERROR;
				CLANG_WARN_RANGE_LOOP_ANALYSIS = YES;
				CLANG_WARN_STRICT_PROTOTYPES = YES;
				CLANG_WARN_SUSPICIOUS_MOVE = YES;
				CLANG_WARN_UNGUARDED_AVAILABILITY = YES_AGGRESSIVE;
				CLANG_WARN_UNREACHABLE_CODE = YES;
				CLANG_WARN__DUPLICATE_METHOD_MATCH = YES;
				CODE_SIGN_IDENTITY = "iPhone Developer";
				COPY_PHASE_STRIP = NO;
				DEBUG_INFORMATION_FORMAT = dwarf;
				ENABLE_STRICT_OBJC_MSGSEND = YES;
				ENABLE_TESTABILITY = YES;
				GCC_C_LANGUAGE_STANDARD = gnu11;
				GCC_DYNAMIC_NO_PIC = NO;
				GCC_NO_COMMON_BLOCKS = YES;
				GCC_OPTIMIZATION_LEVEL = 0;
				GCC_PREPROCESSOR_DEFINITIONS = (
					"DEBUG=1",
					"$(inherited)",
				);
				GCC_WARN_64_TO_32_BIT_CONVERSION = YES;
				GCC_WARN_ABOUT_RETURN_TYPE = YES_ERROR;
				GCC_WARN_UNDECLARED_SELECTOR = YES;
				GCC_WARN_UNINITIALIZED_AUTOS = YES_AGGRESSIVE;
				GCC_WARN_UNUSED_FUNCTION = YES;
				GCC_WARN_UNUSED_VARIABLE = YES;
				IPHONEOS_DEPLOYMENT_TARGET = 11.4;
				MTL_ENABLE_DEBUG_INFO = YES;
				ONLY_ACTIVE_ARCH = YES;
				SDKROOT = iphoneos;
				SWIFT_ACTIVE_COMPILATION_CONDITIONS = DEBUG;
				SWIFT_OPTIMIZATION_LEVEL = "-Onone";
			};
			name = Debug;
		};
		F4BC0EEE2080D89900146463 /* Release */ = {
			isa = XCBuildConfiguration;
			buildSettings = {
				ALWAYS_SEARCH_USER_PATHS = NO;
				CLANG_ANALYZER_NONNULL = YES;
				CLANG_ANALYZER_NUMBER_OBJECT_CONVERSION = YES_AGGRESSIVE;
				CLANG_CXX_LANGUAGE_STANDARD = "gnu++14";
				CLANG_CXX_LIBRARY = "libc++";
				CLANG_ENABLE_MODULES = YES;
				CLANG_ENABLE_OBJC_ARC = YES;
				CLANG_ENABLE_OBJC_WEAK = YES;
				CLANG_WARN_BLOCK_CAPTURE_AUTORELEASING = YES;
				CLANG_WARN_BOOL_CONVERSION = YES;
				CLANG_WARN_COMMA = YES;
				CLANG_WARN_CONSTANT_CONVERSION = YES;
				CLANG_WARN_DEPRECATED_OBJC_IMPLEMENTATIONS = YES;
				CLANG_WARN_DIRECT_OBJC_ISA_USAGE = YES_ERROR;
				CLANG_WARN_DOCUMENTATION_COMMENTS = YES;
				CLANG_WARN_EMPTY_BODY = YES;
				CLANG_WARN_ENUM_CONVERSION = YES;
				CLANG_WARN_INFINITE_RECURSION = YES;
				CLANG_WARN_INT_CONVERSION = YES;
				CLANG_WARN_NON_LITERAL_NULL_CONVERSION = YES;
				CLANG_WARN_OBJC_IMPLICIT_RETAIN_SELF = YES;
				CLANG_WARN_OBJC_LITERAL_CONVERSION = YES;
				CLANG_WARN_OBJC_ROOT_CLASS = YES_ERROR;
				CLANG_WARN_RANGE_LOOP_ANALYSIS = YES;
				CLANG_WARN_STRICT_PROTOTYPES = YES;
				CLANG_WARN_SUSPICIOUS_MOVE = YES;
				CLANG_WARN_UNGUARDED_AVAILABILITY = YES_AGGRESSIVE;
				CLANG_WARN_UNREACHABLE_CODE = YES;
				CLANG_WARN__DUPLICATE_METHOD_MATCH = YES;
				CODE_SIGN_IDENTITY = "iPhone Developer";
				COPY_PHASE_STRIP = NO;
				DEBUG_INFORMATION_FORMAT = "dwarf-with-dsym";
				ENABLE_NS_ASSERTIONS = NO;
				ENABLE_STRICT_OBJC_MSGSEND = YES;
				GCC_C_LANGUAGE_STANDARD = gnu11;
				GCC_NO_COMMON_BLOCKS = YES;
				GCC_WARN_64_TO_32_BIT_CONVERSION = YES;
				GCC_WARN_ABOUT_RETURN_TYPE = YES_ERROR;
				GCC_WARN_UNDECLARED_SELECTOR = YES;
				GCC_WARN_UNINITIALIZED_AUTOS = YES_AGGRESSIVE;
				GCC_WARN_UNUSED_FUNCTION = YES;
				GCC_WARN_UNUSED_VARIABLE = YES;
				IPHONEOS_DEPLOYMENT_TARGET = 11.4;
				MTL_ENABLE_DEBUG_INFO = NO;
				SDKROOT = iphoneos;
				SWIFT_COMPILATION_MODE = wholemodule;
				SWIFT_OPTIMIZATION_LEVEL = "-O";
				VALIDATE_PRODUCT = YES;
			};
			name = Release;
		};
		F4BC0EF02080D89900146463 /* Debug */ = {
			isa = XCBuildConfiguration;
			buildSettings = {
				ASSETCATALOG_COMPILER_APPICON_NAME = AppIcon;
				CODE_SIGN_STYLE = Automatic;
				DEVELOPMENT_TEAM = 5TBQ56PUQB;
				INFOPLIST_FILE = CoreDataSwift/Info.plist;
				LD_RUNPATH_SEARCH_PATHS = (
					"$(inherited)",
					"@executable_path/Frameworks",
				);
				PRODUCT_BUNDLE_IDENTIFIER = applinkTech.CoreDataSwift;
				PRODUCT_NAME = "$(TARGET_NAME)";
				SWIFT_VERSION = 4.0;
				TARGETED_DEVICE_FAMILY = "1,2";
			};
			name = Debug;
		};
		F4BC0EF12080D89900146463 /* Release */ = {
			isa = XCBuildConfiguration;
			buildSettings = {
				ASSETCATALOG_COMPILER_APPICON_NAME = AppIcon;
				CODE_SIGN_STYLE = Automatic;
				DEVELOPMENT_TEAM = 5TBQ56PUQB;
				INFOPLIST_FILE = CoreDataSwift/Info.plist;
				LD_RUNPATH_SEARCH_PATHS = (
					"$(inherited)",
					"@executable_path/Frameworks",
				);
				PRODUCT_BUNDLE_IDENTIFIER = applinkTech.CoreDataSwift;
				PRODUCT_NAME = "$(TARGET_NAME)";
				SWIFT_VERSION = 4.0;
				TARGETED_DEVICE_FAMILY = "1,2";
			};
			name = Release;
		};
/* End XCBuildConfiguration section */

/* Begin XCConfigurationList section */
		F4BC0ED52080D88B00146463 /* Build configuration list for PBXProject "CoreDataSwift" */ = {
			isa = XCConfigurationList;
			buildConfigurations = (
				F4BC0EED2080D89900146463 /* Debug */,
				F4BC0EEE2080D89900146463 /* Release */,
			);
			defaultConfigurationIsVisible = 0;
			defaultConfigurationName = Release;
		};
		F4BC0EEF2080D89900146463 /* Build configuration list for PBXNativeTarget "CoreDataSwift" */ = {
			isa = XCConfigurationList;
			buildConfigurations = (
				F4BC0EF02080D89900146463 /* Debug */,
				F4BC0EF12080D89900146463 /* Release */,
			);
			defaultConfigurationIsVisible = 0;
			defaultConfigurationName = Release;
		};
/* End XCConfigurationList section */

/* Begin XCVersionGroup section */
		F4BC0EE42080D88B00146463 /* CoreDataSwift.xcdatamodeld */ = {
			isa = XCVersionGroup;
			children = (
				F4BC0EE52080D88B00146463 /* CoreDataSwift.xcdatamodel */,
			);
			currentVersion = F4BC0EE52080D88B00146463 /* CoreDataSwift.xcdatamodel */;
			path = CoreDataSwift.xcdatamodeld;
			sourceTree = "<group>";
			versionGroupType = wrapper.xcdatamodel;
		};
/* End XCVersionGroup section */
	};
	rootObject = F4BC0ED22080D88B00146463 /* Project object */;
}
